
Microsoft Visual Studio Solution File, Format Version 12.00
# Visual Studio Version 16
VisualStudioVersion = 16.0.31321.278
MinimumVisualStudioVersion = 10.0.40219.1
Project("{FAE04EC0-301F-11D3-BF4B-00C04F79EFBC}") = "NomadDashboardAPI", "NomadDashboardAPI\NomadDashboardAPI.csproj", "{482BAFD3-E7DC-4BC6-899F-1FF1BAF05DE0}"
EndProject
Global
	GlobalSection(SolutionConfigurationPlatforms) = preSolution
		Debug|Any CPU = Debug|Any CPU
		Release|Any CPU = Release|Any CPU
	EndGlobalSection
	GlobalSection(ProjectConfigurationPlatforms) = postSolution
		{482BAFD3-E7DC-4BC6-899F-1FF1BAF05DE0}.Debug|Any CPU.ActiveCfg = Debug|Any CPU
		{482BAFD3-E7DC-4BC6-899F-1FF1BAF05DE0}.Debug|Any CPU.Build.0 = Debug|Any CPU
		{482BAFD3-E7DC-4BC6-899F-1FF1BAF05DE0}.Release|Any CPU.ActiveCfg = Release|Any CPU
		{482BAFD3-E7DC-4BC6-899F-1FF1BAF05DE0}.Release|Any CPU.Build.0 = Release|Any CPU
	EndGlobalSection
	GlobalSection(SolutionProperties) = preSolution
		HideSolutionNode = FALSE
	EndGlobalSection
	GlobalSection(ExtensibilityGlobals) = postSolution
		SolutionGuid = {7B829F10-8B3E-4AE9-AE77-0652E27CCD83}
	EndGlobalSection
EndGlobal
